
Microsoft Visual Studio Solution File, Format Version 12.00
# Visual Studio Version 17
VisualStudioVersion = 17.10.34928.147
MinimumVisualStudioVersion = 10.0.40219.1
Project("{FAE04EC0-301F-11D3-BF4B-00C04F79EFBC}") = "FirebaseNotificationAPI", "FirebaseNotificationAPI\FirebaseNotificationAPI.csproj", "{D80417EA-0D4C-4DA7-A149-610FB93998B6}"
EndProject
Global
	GlobalSection(SolutionConfigurationPlatforms) = preSolution
		Debug|Any CPU = Debug|Any CPU
		Release|Any CPU = Release|Any CPU
	EndGlobalSection
	GlobalSection(ProjectConfigurationPlatforms) = postSolution
		{D80417EA-0D4C-4DA7-A149-610FB93998B6}.Debug|Any CPU.ActiveCfg = Debug|Any CPU
		{D80417EA-0D4C-4DA7-A149-610FB93998B6}.Debug|Any CPU.Build.0 = Debug|Any CPU
		{D80417EA-0D4C-4DA7-A149-610FB93998B6}.Release|Any CPU.ActiveCfg = Release|Any CPU
		{D80417EA-0D4C-4DA7-A149-610FB93998B6}.Release|Any CPU.Build.0 = Release|Any CPU
	EndGlobalSection
	GlobalSection(SolutionProperties) = preSolution
		HideSolutionNode = FALSE
	EndGlobalSection
	GlobalSection(ExtensibilityGlobals) = postSolution
		SolutionGuid = {A444E1AE-DFBE-430F-B858-CF5ECBF645B4}
	EndGlobalSection
EndGlobal
